
Microsoft Visual Studio Solution File, Format Version 12.00
# Visual Studio 15
VisualStudioVersion = 15.0.28307.572
MinimumVisualStudioVersion = 10.0.40219.1
Project("{9A19103F-16F7-4668-BE54-9A1E7A4F7556}") = "Nepository", "src\Nepository.Lib\Nepository.csproj", "{AD1B4BBB-DEF8-4F9F-8A32-6A0D3165C168}"
EndProject
Project("{9A19103F-16F7-4668-BE54-9A1E7A4F7556}") = "Nepository.EfCore", "src\Nepository.Adapter.EfCore\Nepository.EfCore.csproj", "{ECCA324C-83A7-4170-9968-736E9A264090}"
EndProject
Project("{2150E333-8FDC-42A3-9474-1A3956D46DE8}") = "Tests", "Tests", "{91FAF31E-C66A-4CDB-BDEF-3FBCB2240393}"
EndProject
Project("{FAE04EC0-301F-11D3-BF4B-00C04F79EFBC}") = "Nepository.EfCore.Tests", "Nepository.EfCore.Tests\Nepository.EfCore.Tests.csproj", "{27894131-1914-480F-BF9D-A7F9D02346BA}"
EndProject
Global
	GlobalSection(SolutionConfigurationPlatforms) = preSolution
		Debug|Any CPU = Debug|Any CPU
		Release|Any CPU = Release|Any CPU
	EndGlobalSection
	GlobalSection(ProjectConfigurationPlatforms) = postSolution
		{AD1B4BBB-DEF8-4F9F-8A32-6A0D3165C168}.Debug|Any CPU.ActiveCfg = Debug|Any CPU
		{AD1B4BBB-DEF8-4F9F-8A32-6A0D3165C168}.Debug|Any CPU.Build.0 = Debug|Any CPU
		{AD1B4BBB-DEF8-4F9F-8A32-6A0D3165C168}.Release|Any CPU.ActiveCfg = Release|Any CPU
		{AD1B4BBB-DEF8-4F9F-8A32-6A0D3165C168}.Release|Any CPU.Build.0 = Release|Any CPU
		{ECCA324C-83A7-4170-9968-736E9A264090}.Debug|Any CPU.ActiveCfg = Debug|Any CPU
		{ECCA324C-83A7-4170-9968-736E9A264090}.Debug|Any CPU.Build.0 = Debug|Any CPU
		{ECCA324C-83A7-4170-9968-736E9A264090}.Release|Any CPU.ActiveCfg = Release|Any CPU
		{ECCA324C-83A7-4170-9968-736E9A264090}.Release|Any CPU.Build.0 = Release|Any CPU
		{27894131-1914-480F-BF9D-A7F9D02346BA}.Debug|Any CPU.ActiveCfg = Debug|Any CPU
		{27894131-1914-480F-BF9D-A7F9D02346BA}.Debug|Any CPU.Build.0 = Debug|Any CPU
		{27894131-1914-480F-BF9D-A7F9D02346BA}.Release|Any CPU.ActiveCfg = Release|Any CPU
		{27894131-1914-480F-BF9D-A7F9D02346BA}.Release|Any CPU.Build.0 = Release|Any CPU
	EndGlobalSection
	GlobalSection(SolutionProperties) = preSolution
		HideSolutionNode = FALSE
	EndGlobalSection
	GlobalSection(NestedProjects) = preSolution
		{27894131-1914-480F-BF9D-A7F9D02346BA} = {91FAF31E-C66A-4CDB-BDEF-3FBCB2240393}
	EndGlobalSection
	GlobalSection(ExtensibilityGlobals) = postSolution
		SolutionGuid = {52103FFA-E79E-4396-8C2C-2D28685D7ED5}
	EndGlobalSection
EndGlobal
